
Microsoft Visual Studio Solution File, Format Version 11.00
# Visual Studio 2010
Project("{D2ABAB84-BF74-430A-B69E-9DC6D40DDA17}") = "ASHopitalDW2021", "ASHopitalDW2021\ASHopitalDW2021.dwproj", "{CBD2827A-A93F-4E3D-B055-ED9D98794738}"
EndProject
Global
	GlobalSection(SolutionConfigurationPlatforms) = preSolution
		Development|Default = Development|Default
	EndGlobalSection
	GlobalSection(ProjectConfigurationPlatforms) = postSolution
		{CBD2827A-A93F-4E3D-B055-ED9D98794738}.Development|Default.ActiveCfg = Development
		{CBD2827A-A93F-4E3D-B055-ED9D98794738}.Development|Default.Build.0 = Development
		{CBD2827A-A93F-4E3D-B055-ED9D98794738}.Development|Default.Deploy.0 = Development
	EndGlobalSection
	GlobalSection(SolutionProperties) = preSolution
		HideSolutionNode = FALSE
	EndGlobalSection
EndGlobal
